<?xml version="1.0" encoding="utf-8"?>
<Project ToolsVersion="4.0" xmlns="http://schemas.microsoft.com/developer/msbuild/2003">
  <ItemGroup>
    <ClCompile Include="stdafx.cpp" />
    <ClCompile Include="Source\DLL.cpp">
      <Filter>Source</Filter>
    </ClCompile>
    <ClCompile Include="Source\RegisterExtension.cpp">
      <Filter>Source</Filter>
    </ClCompile>
    <ClCompile Include="Source\MetadataHandler.cpp">
      <Filter>Source</Filter>
    </ClCompile>
    <ClCompile Include="Source\Utility\PropertyStore.cpp">
      <Filter>Source\Utility</Filter>
    </ClCompile>
    <ClCompile Include="Source\Utility\VariantProperty.cpp">
      <Filter>Source\Utility</Filter>
    </ClCompile>
    <ClCompile Include="Source\Utility\COMIStream.cpp">
      <Filter>Source\Utility</Filter>
    </ClCompile>
  </ItemGroup>
  <ItemGroup>
    <ClInclude Include="resource.h">
      <Filter>Resources</Filter>
    </ClInclude>
    <ClInclude Include="stdafx.h" />
    <ClInclude Include="Source\DLL.h">
      <Filter>Source</Filter>
    </ClInclude>
    <ClInclude Include="Source\Utility\COMRefCount.h">
      <Filter>Source\Utility</Filter>
    </ClInclude>
    <ClInclude Include="Source\BethesdaModule.hpp">
      <Filter>Source</Filter>
    </ClInclude>
    <ClInclude Include="Source\RegisterExtension.h">
      <Filter>Source</Filter>
    </ClInclude>
    <ClInclude Include="Source\MetadataHandler.h">
      <Filter>Source</Filter>
    </ClInclude>
    <ClInclude Include="Source\Utility\PropertyStore.h">
      <Filter>Source\Utility</Filter>
    </ClInclude>
    <ClInclude Include="Source\Utility\VariantProperty.h">
      <Filter>Source\Utility</Filter>
    </ClInclude>
    <ClInclude Include="Source\Utility\COMIStream.h">
      <Filter>Source\Utility</Filter>
    </ClInclude>
  </ItemGroup>
  <ItemGroup>
    <Filter Include="Source">
      <UniqueIdentifier>{9c53d1d1-f7d9-48fb-8a61-64b4ac25aa82}</UniqueIdentifier>
    </Filter>
    <Filter Include="Resources">
      <UniqueIdentifier>{b00f7ee0-2b77-4409-98ad-cfa3c1a4055a}</UniqueIdentifier>
    </Filter>
    <Filter Include="Source\Utility">
      <UniqueIdentifier>{8968d68a-ba40-4825-b99a-c431f411efb4}</UniqueIdentifier>
    </Filter>
  </ItemGroup>
  <ItemGroup>
    <Image Include="Resources\BethesdaModule ShellView.ico">
      <Filter>Resources</Filter>
    </Image>
  </ItemGroup>
  <ItemGroup>
    <ResourceCompile Include="Resources\BethesdaModule ShellView.rc">
      <Filter>Resources</Filter>
    </ResourceCompile>
  </ItemGroup>
  <ItemGroup>
    <None Include="Bethesda Module ShellView.def">
      <Filter>Resources</Filter>
    </None>
  </ItemGroup>
  <ItemGroup>
    <Text Include="Resources\PropertyNames.txt">
      <Filter>Resources</Filter>
    </Text>
  </ItemGroup>
</Project>